
Microsoft Visual Studio Solution File, Format Version 12.00
# Visual Studio Version 16
VisualStudioVersion = 16.0.30523.141
MinimumVisualStudioVersion = 10.0.40219.1
Project("{FAE04EC0-301F-11D3-BF4B-00C04F79EFBC}") = "StaticText4", "StaticText4.csproj", "{46084096-790C-46A4-A535-EB01FA929E94}"
EndProject
Global
	GlobalSection(SolutionConfigurationPlatforms) = preSolution
		Debug|Any CPU = Debug|Any CPU
		Release|Any CPU = Release|Any CPU
	EndGlobalSection
	GlobalSection(ProjectConfigurationPlatforms) = postSolution
		{46084096-790C-46A4-A535-EB01FA929E94}.Debug|Any CPU.ActiveCfg = Debug|Any CPU
		{46084096-790C-46A4-A535-EB01FA929E94}.Debug|Any CPU.Build.0 = Debug|Any CPU
		{46084096-790C-46A4-A535-EB01FA929E94}.Release|Any CPU.ActiveCfg = Release|Any CPU
		{46084096-790C-46A4-A535-EB01FA929E94}.Release|Any CPU.Build.0 = Release|Any CPU
	EndGlobalSection
	GlobalSection(SolutionProperties) = preSolution
		HideSolutionNode = FALSE
	EndGlobalSection
	GlobalSection(ExtensibilityGlobals) = postSolution
		SolutionGuid = {AB279E65-92A5-4A02-B785-EF6D6112C5FD}
	EndGlobalSection
EndGlobal
